// !$*UTF8*$!
{
	archiveVersion = 1;
	classes = {
	};
	objectVersion = 51;
	objects = {

/* Begin PBXBuildFile section */
		30BED13C6662275E1E1157FA /* Pods_breatheAirTests.framework in Frameworks */ = {isa = PBXBuildFile; fileRef = AFBCBE95D132D8FAAFB536C2 /* Pods_breatheAirTests.framework */; };
		5812288D23B6A6C3003AA752 /* MapKit.framework in Frameworks */ = {isa = PBXBuildFile; fileRef = 5812288C23B6A6C3003AA752 /* MapKit.framework */; };
		5812289023B6A940003AA752 /* MapPageViewController.swift in Sources */ = {isa = PBXBuildFile; fileRef = 5812288F23B6A940003AA752 /* MapPageViewController.swift */; };
		5812289223B6B14F003AA752 /* MapPageViewModel.swift in Sources */ = {isa = PBXBuildFile; fileRef = 5812289123B6B14F003AA752 /* MapPageViewModel.swift */; };
		5812289523B6B468003AA752 /* ArtworkView.swift in Sources */ = {isa = PBXBuildFile; fileRef = 5812289423B6B468003AA752 /* ArtworkView.swift */; };
		5812289723B6B4B3003AA752 /* Artwork.swift in Sources */ = {isa = PBXBuildFile; fileRef = 5812289623B6B4B3003AA752 /* Artwork.swift */; };
		5812289923B6B7B1003AA752 /* MapPageService.swift in Sources */ = {isa = PBXBuildFile; fileRef = 5812289823B6B7B1003AA752 /* MapPageService.swift */; };
		5812289B23B6B8CD003AA752 /* MapPageResponse.swift in Sources */ = {isa = PBXBuildFile; fileRef = 5812289A23B6B8CD003AA752 /* MapPageResponse.swift */; };
		5812289D23B6CAF0003AA752 /* MapPageDrawer.swift in Sources */ = {isa = PBXBuildFile; fileRef = 5812289C23B6CAF0003AA752 /* MapPageDrawer.swift */; };
		581228A023B6CD82003AA752 /* PresentedNavigationController.swift in Sources */ = {isa = PBXBuildFile; fileRef = 5812289F23B6CD82003AA752 /* PresentedNavigationController.swift */; };
		581228A223B6CE04003AA752 /* HomeViewDrawer.swift in Sources */ = {isa = PBXBuildFile; fileRef = 581228A123B6CE04003AA752 /* HomeViewDrawer.swift */; };
		581228A423B6CF0E003AA752 /* HomeView.swift in Sources */ = {isa = PBXBuildFile; fileRef = 581228A323B6CF0E003AA752 /* HomeView.swift */; };
		583437CA23B1564300B48EF2 /* Location.swift in Sources */ = {isa = PBXBuildFile; fileRef = 583437C923B1564300B48EF2 /* Location.swift */; };
		583437CC23B1567900B48EF2 /* BaseRequest.swift in Sources */ = {isa = PBXBuildFile; fileRef = 583437CB23B1567900B48EF2 /* BaseRequest.swift */; };
		583437CE23B156F900B48EF2 /* BaseResponse.swift in Sources */ = {isa = PBXBuildFile; fileRef = 583437CD23B156F900B48EF2 /* BaseResponse.swift */; };
		583437D023B1579C00B48EF2 /* LocationBasedResponse.swift in Sources */ = {isa = PBXBuildFile; fileRef = 583437CF23B1579C00B48EF2 /* LocationBasedResponse.swift */; };
		583437D523B15EB600B48EF2 /* HomeViewModel.swift in Sources */ = {isa = PBXBuildFile; fileRef = 583437D423B15EB600B48EF2 /* HomeViewModel.swift */; };
		583437D823B15ECC00B48EF2 /* ViewModel.swift in Sources */ = {isa = PBXBuildFile; fileRef = 583437D723B15ECC00B48EF2 /* ViewModel.swift */; };
		583437DB23B15F4D00B48EF2 /* AnyService.swift in Sources */ = {isa = PBXBuildFile; fileRef = 583437DA23B15F4D00B48EF2 /* AnyService.swift */; };
		583437DD23B15F5500B48EF2 /* Service.swift in Sources */ = {isa = PBXBuildFile; fileRef = 583437DC23B15F5500B48EF2 /* Service.swift */; };
		583437E023B1601F00B48EF2 /* AppSetting.swift in Sources */ = {isa = PBXBuildFile; fileRef = 583437DF23B1601F00B48EF2 /* AppSetting.swift */; };
		583437E223B1607F00B48EF2 /* RequestBuilder.swift in Sources */ = {isa = PBXBuildFile; fileRef = 583437E123B1607F00B48EF2 /* RequestBuilder.swift */; };
		583437E423B160A100B48EF2 /* Logger.swift in Sources */ = {isa = PBXBuildFile; fileRef = 583437E323B160A100B48EF2 /* Logger.swift */; };
		583437E623B160CB00B48EF2 /* RequestTimeoutInterval.swift in Sources */ = {isa = PBXBuildFile; fileRef = 583437E523B160CB00B48EF2 /* RequestTimeoutInterval.swift */; };
		583437E823B160EE00B48EF2 /* encodable+tojson.swift in Sources */ = {isa = PBXBuildFile; fileRef = 583437E723B160EE00B48EF2 /* encodable+tojson.swift */; };
		583437EA23B1612B00B48EF2 /* DataRequest+Decodable.swift in Sources */ = {isa = PBXBuildFile; fileRef = 583437E923B1612B00B48EF2 /* DataRequest+Decodable.swift */; };
		583437EC23B1616200B48EF2 /* UIColor+hex.swift in Sources */ = {isa = PBXBuildFile; fileRef = 583437EB23B1616200B48EF2 /* UIColor+hex.swift */; };
		583437EF23B1619E00B48EF2 /* GradientView.swift in Sources */ = {isa = PBXBuildFile; fileRef = 583437EE23B1619E00B48EF2 /* GradientView.swift */; };
		583437F123B161E200B48EF2 /* Storyboard.swift in Sources */ = {isa = PBXBuildFile; fileRef = 583437F023B161E200B48EF2 /* Storyboard.swift */; };
		583437F323B1624800B48EF2 /* Localizable.swift in Sources */ = {isa = PBXBuildFile; fileRef = 583437F223B1624800B48EF2 /* Localizable.swift */; };
		583437F523B1627D00B48EF2 /* Device.swift in Sources */ = {isa = PBXBuildFile; fileRef = 583437F423B1627D00B48EF2 /* Device.swift */; };
		583437F723B1629800B48EF2 /* deviceHasNotch.swift in Sources */ = {isa = PBXBuildFile; fileRef = 583437F623B1629800B48EF2 /* deviceHasNotch.swift */; };
		583437F923B162CE00B48EF2 /* HomeService.swift in Sources */ = {isa = PBXBuildFile; fileRef = 583437F823B162CE00B48EF2 /* HomeService.swift */; };
		583437FB23B166E100B48EF2 /* LocationManager.swift in Sources */ = {isa = PBXBuildFile; fileRef = 583437FA23B166E100B48EF2 /* LocationManager.swift */; };
		5834380023B1710600B48EF2 /* OfferToDoTableViewCell.swift in Sources */ = {isa = PBXBuildFile; fileRef = 583437FE23B1710600B48EF2 /* OfferToDoTableViewCell.swift */; };
		5834380123B1710600B48EF2 /* OfferToDoTableViewCell.xib in Resources */ = {isa = PBXBuildFile; fileRef = 583437FF23B1710600B48EF2 /* OfferToDoTableViewCell.xib */; };
		5834380323B180D000B48EF2 /* Toast.swift in Sources */ = {isa = PBXBuildFile; fileRef = 5834380223B180D000B48EF2 /* Toast.swift */; };
		5884FA8A23B1514D000CF422 /* AppDelegate.swift in Sources */ = {isa = PBXBuildFile; fileRef = 5884FA8923B1514D000CF422 /* AppDelegate.swift */; };
		5884FA8E23B1514D000CF422 /* HomeViewController.swift in Sources */ = {isa = PBXBuildFile; fileRef = 5884FA8D23B1514D000CF422 /* HomeViewController.swift */; };
		5884FA9123B1514D000CF422 /* Main.storyboard in Resources */ = {isa = PBXBuildFile; fileRef = 5884FA8F23B1514D000CF422 /* Main.storyboard */; };
		5884FA9323B15150000CF422 /* Assets.xcassets in Resources */ = {isa = PBXBuildFile; fileRef = 5884FA9223B15150000CF422 /* Assets.xcassets */; };
		5884FA9623B15150000CF422 /* LaunchScreen.storyboard in Resources */ = {isa = PBXBuildFile; fileRef = 5884FA9423B15150000CF422 /* LaunchScreen.storyboard */; };
		5884FAA123B15150000CF422 /* breatheAirTests.swift in Sources */ = {isa = PBXBuildFile; fileRef = 5884FAA023B15150000CF422 /* breatheAirTests.swift */; };
		58A2BF9023B291AE0078F3C8 /* AppColor.swift in Sources */ = {isa = PBXBuildFile; fileRef = 58A2BF8F23B291AE0078F3C8 /* AppColor.swift */; };
		58A2BF9223B2A1C40078F3C8 /* StateType.swift in Sources */ = {isa = PBXBuildFile; fileRef = 58A2BF9123B2A1C40078F3C8 /* StateType.swift */; };
		58A2BF9423B2AE080078F3C8 /* HomeViewController+Binder.swift in Sources */ = {isa = PBXBuildFile; fileRef = 58A2BF9323B2AE080078F3C8 /* HomeViewController+Binder.swift */; };
		58A2BF9623B2B8D30078F3C8 /* humanify.swift in Sources */ = {isa = PBXBuildFile; fileRef = 58A2BF9523B2B8D30078F3C8 /* humanify.swift */; };
		58A2BF9823B2B90F0078F3C8 /* Localizable.stringsdict in Resources */ = {isa = PBXBuildFile; fileRef = 58A2BF9723B2B90E0078F3C8 /* Localizable.stringsdict */; };
		58AD073623B4A10A00625613 /* LoadingButton.swift in Sources */ = {isa = PBXBuildFile; fileRef = 58AD073523B4A10A00625613 /* LoadingButton.swift */; };
		58AD073923B4B6E600625613 /* InfoViewController.swift in Sources */ = {isa = PBXBuildFile; fileRef = 58AD073823B4B6E600625613 /* InfoViewController.swift */; };
		EF1550CADAD5AD5FA585D563 /* Pods_breatheAir.framework in Frameworks */ = {isa = PBXBuildFile; fileRef = F4DA9FBF5A1494DEE0B03A07 /* Pods_breatheAir.framework */; };
/* End PBXBuildFile section */

/* Begin PBXContainerItemProxy section */
		5884FA9D23B15150000CF422 /* PBXContainerItemProxy */ = {
			isa = PBXContainerItemProxy;
			containerPortal = 5884FA7E23B1514D000CF422 /* Project object */;
			proxyType = 1;
			remoteGlobalIDString = 5884FA8523B1514D000CF422;
			remoteInfo = breatheAir;
		};
/* End PBXContainerItemProxy section */

/* Begin PBXFileReference section */
		0037338F9F11E83058670496 /* Pods-breatheAir.debug.xcconfig */ = {isa = PBXFileReference; includeInIndex = 1; lastKnownFileType = text.xcconfig; name = "Pods-breatheAir.debug.xcconfig"; path = "Target Support Files/Pods-breatheAir/Pods-breatheAir.debug.xcconfig"; sourceTree = "<group>"; };
		1DB5938B6AAAA8A173A828AB /* Pods-breatheAirTests.debug.xcconfig */ = {isa = PBXFileReference; includeInIndex = 1; lastKnownFileType = text.xcconfig; name = "Pods-breatheAirTests.debug.xcconfig"; path = "Target Support Files/Pods-breatheAirTests/Pods-breatheAirTests.debug.xcconfig"; sourceTree = "<group>"; };
		37FA803671E977664935C460 /* Pods-breatheAirTests.release.xcconfig */ = {isa = PBXFileReference; includeInIndex = 1; lastKnownFileType = text.xcconfig; name = "Pods-breatheAirTests.release.xcconfig"; path = "Target Support Files/Pods-breatheAirTests/Pods-breatheAirTests.release.xcconfig"; sourceTree = "<group>"; };
		5812288C23B6A6C3003AA752 /* MapKit.framework */ = {isa = PBXFileReference; lastKnownFileType = wrapper.framework; name = MapKit.framework; path = System/Library/Frameworks/MapKit.framework; sourceTree = SDKROOT; };
		5812288F23B6A940003AA752 /* MapPageViewController.swift */ = {isa = PBXFileReference; lastKnownFileType = sourcecode.swift; path = MapPageViewController.swift; sourceTree = "<group>"; };
		5812289123B6B14F003AA752 /* MapPageViewModel.swift */ = {isa = PBXFileReference; lastKnownFileType = sourcecode.swift; path = MapPageViewModel.swift; sourceTree = "<group>"; };
		5812289423B6B468003AA752 /* ArtworkView.swift */ = {isa = PBXFileReference; lastKnownFileType = sourcecode.swift; path = ArtworkView.swift; sourceTree = "<group>"; };
		5812289623B6B4B3003AA752 /* Artwork.swift */ = {isa = PBXFileReference; lastKnownFileType = sourcecode.swift; path = Artwork.swift; sourceTree = "<group>"; };
		5812289823B6B7B1003AA752 /* MapPageService.swift */ = {isa = PBXFileReference; lastKnownFileType = sourcecode.swift; path = MapPageService.swift; sourceTree = "<group>"; };
		5812289A23B6B8CD003AA752 /* MapPageResponse.swift */ = {isa = PBXFileReference; lastKnownFileType = sourcecode.swift; path = MapPageResponse.swift; sourceTree = "<group>"; };
		5812289C23B6CAF0003AA752 /* MapPageDrawer.swift */ = {isa = PBXFileReference; lastKnownFileType = sourcecode.swift; path = MapPageDrawer.swift; sourceTree = "<group>"; };
		5812289F23B6CD82003AA752 /* PresentedNavigationController.swift */ = {isa = PBXFileReference; lastKnownFileType = sourcecode.swift; path = PresentedNavigationController.swift; sourceTree = "<group>"; };
		581228A123B6CE04003AA752 /* HomeViewDrawer.swift */ = {isa = PBXFileReference; lastKnownFileType = sourcecode.swift; path = HomeViewDrawer.swift; sourceTree = "<group>"; };
		581228A323B6CF0E003AA752 /* HomeView.swift */ = {isa = PBXFileReference; lastKnownFileType = sourcecode.swift; path = HomeView.swift; sourceTree = "<group>"; };
		583437C923B1564300B48EF2 /* Location.swift */ = {isa = PBXFileReference; lastKnownFileType = sourcecode.swift; path = Location.swift; sourceTree = "<group>"; };
		583437CB23B1567900B48EF2 /* BaseRequest.swift */ = {isa = PBXFileReference; lastKnownFileType = sourcecode.swift; path = BaseRequest.swift; sourceTree = "<group>"; };
		583437CD23B156F900B48EF2 /* BaseResponse.swift */ = {isa = PBXFileReference; lastKnownFileType = sourcecode.swift; path = BaseResponse.swift; sourceTree = "<group>"; };
		583437CF23B1579C00B48EF2 /* LocationBasedResponse.swift */ = {isa = PBXFileReference; lastKnownFileType = sourcecode.swift; path = LocationBasedResponse.swift; sourceTree = "<group>"; };
		583437D423B15EB600B48EF2 /* HomeViewModel.swift */ = {isa = PBXFileReference; lastKnownFileType = sourcecode.swift; path = HomeViewModel.swift; sourceTree = "<group>"; };
		583437D723B15ECC00B48EF2 /* ViewModel.swift */ = {isa = PBXFileReference; lastKnownFileType = sourcecode.swift; path = ViewModel.swift; sourceTree = "<group>"; };
		583437DA23B15F4D00B48EF2 /* AnyService.swift */ = {isa = PBXFileReference; lastKnownFileType = sourcecode.swift; path = AnyService.swift; sourceTree = "<group>"; };
		583437DC23B15F5500B48EF2 /* Service.swift */ = {isa = PBXFileReference; lastKnownFileType = sourcecode.swift; path = Service.swift; sourceTree = "<group>"; };
		583437DF23B1601F00B48EF2 /* AppSetting.swift */ = {isa = PBXFileReference; lastKnownFileType = sourcecode.swift; path = AppSetting.swift; sourceTree = "<group>"; };
		583437E123B1607F00B48EF2 /* RequestBuilder.swift */ = {isa = PBXFileReference; lastKnownFileType = sourcecode.swift; path = RequestBuilder.swift; sourceTree = "<group>"; };
		583437E323B160A100B48EF2 /* Logger.swift */ = {isa = PBXFileReference; lastKnownFileType = sourcecode.swift; path = Logger.swift; sourceTree = "<group>"; };
		583437E523B160CB00B48EF2 /* RequestTimeoutInterval.swift */ = {isa = PBXFileReference; lastKnownFileType = sourcecode.swift; path = RequestTimeoutInterval.swift; sourceTree = "<group>"; };
		583437E723B160EE00B48EF2 /* encodable+tojson.swift */ = {isa = PBXFileReference; lastKnownFileType = sourcecode.swift; path = "encodable+tojson.swift"; sourceTree = "<group>"; };
		583437E923B1612B00B48EF2 /* DataRequest+Decodable.swift */ = {isa = PBXFileReference; lastKnownFileType = sourcecode.swift; path = "DataRequest+Decodable.swift"; sourceTree = "<group>"; };
		583437EB23B1616200B48EF2 /* UIColor+hex.swift */ = {isa = PBXFileReference; lastKnownFileType = sourcecode.swift; path = "UIColor+hex.swift"; sourceTree = "<group>"; };
		583437EE23B1619E00B48EF2 /* GradientView.swift */ = {isa = PBXFileReference; lastKnownFileType = sourcecode.swift; path = GradientView.swift; sourceTree = "<group>"; };
		583437F023B161E200B48EF2 /* Storyboard.swift */ = {isa = PBXFileReference; lastKnownFileType = sourcecode.swift; path = Storyboard.swift; sourceTree = "<group>"; };
		583437F223B1624800B48EF2 /* Localizable.swift */ = {isa = PBXFileReference; lastKnownFileType = sourcecode.swift; path = Localizable.swift; sourceTree = "<group>"; };
		583437F423B1627D00B48EF2 /* Device.swift */ = {isa = PBXFileReference; lastKnownFileType = sourcecode.swift; path = Device.swift; sourceTree = "<group>"; };
		583437F623B1629800B48EF2 /* deviceHasNotch.swift */ = {isa = PBXFileReference; lastKnownFileType = sourcecode.swift; path = deviceHasNotch.swift; sourceTree = "<group>"; };
		583437F823B162CE00B48EF2 /* HomeService.swift */ = {isa = PBXFileReference; lastKnownFileType = sourcecode.swift; path = HomeService.swift; sourceTree = "<group>"; };
		583437FA23B166E100B48EF2 /* LocationManager.swift */ = {isa = PBXFileReference; lastKnownFileType = sourcecode.swift; path = LocationManager.swift; sourceTree = "<group>"; };
		583437FC23B1671500B48EF2 /* breatheAir.entitlements */ = {isa = PBXFileReference; lastKnownFileType = text.plist.entitlements; path = breatheAir.entitlements; sourceTree = "<group>"; };
		583437FE23B1710600B48EF2 /* OfferToDoTableViewCell.swift */ = {isa = PBXFileReference; lastKnownFileType = sourcecode.swift; path = OfferToDoTableViewCell.swift; sourceTree = "<group>"; };
		583437FF23B1710600B48EF2 /* OfferToDoTableViewCell.xib */ = {isa = PBXFileReference; lastKnownFileType = file.xib; path = OfferToDoTableViewCell.xib; sourceTree = "<group>"; };
		5834380223B180D000B48EF2 /* Toast.swift */ = {isa = PBXFileReference; lastKnownFileType = sourcecode.swift; path = Toast.swift; sourceTree = "<group>"; };
		5884FA8623B1514D000CF422 /* breathe air.app */ = {isa = PBXFileReference; explicitFileType = wrapper.application; includeInIndex = 0; path = "breathe air.app"; sourceTree = BUILT_PRODUCTS_DIR; };
		5884FA8923B1514D000CF422 /* AppDelegate.swift */ = {isa = PBXFileReference; lastKnownFileType = sourcecode.swift; path = AppDelegate.swift; sourceTree = "<group>"; };
		5884FA8D23B1514D000CF422 /* HomeViewController.swift */ = {isa = PBXFileReference; lastKnownFileType = sourcecode.swift; path = HomeViewController.swift; sourceTree = "<group>"; };
		5884FA9023B1514D000CF422 /* Base */ = {isa = PBXFileReference; lastKnownFileType = file.storyboard; name = Base; path = Base.lproj/Main.storyboard; sourceTree = "<group>"; };
		5884FA9223B15150000CF422 /* Assets.xcassets */ = {isa = PBXFileReference; lastKnownFileType = folder.assetcatalog; path = Assets.xcassets; sourceTree = "<group>"; };
		5884FA9523B15150000CF422 /* Base */ = {isa = PBXFileReference; lastKnownFileType = file.storyboard; name = Base; path = Base.lproj/LaunchScreen.storyboard; sourceTree = "<group>"; };
		5884FA9723B15150000CF422 /* Info.plist */ = {isa = PBXFileReference; lastKnownFileType = text.plist.xml; path = Info.plist; sourceTree = "<group>"; };
		5884FA9C23B15150000CF422 /* breatheAirTests.xctest */ = {isa = PBXFileReference; explicitFileType = wrapper.cfbundle; includeInIndex = 0; path = breatheAirTests.xctest; sourceTree = BUILT_PRODUCTS_DIR; };
		5884FAA023B15150000CF422 /* breatheAirTests.swift */ = {isa = PBXFileReference; lastKnownFileType = sourcecode.swift; path = breatheAirTests.swift; sourceTree = "<group>"; };
		5884FAA223B15150000CF422 /* Info.plist */ = {isa = PBXFileReference; lastKnownFileType = text.plist.xml; path = Info.plist; sourceTree = "<group>"; };
		58A2BF8F23B291AE0078F3C8 /* AppColor.swift */ = {isa = PBXFileReference; lastKnownFileType = sourcecode.swift; path = AppColor.swift; sourceTree = "<group>"; };
		58A2BF9123B2A1C40078F3C8 /* StateType.swift */ = {isa = PBXFileReference; lastKnownFileType = sourcecode.swift; path = StateType.swift; sourceTree = "<group>"; };
		58A2BF9323B2AE080078F3C8 /* HomeViewController+Binder.swift */ = {isa = PBXFileReference; lastKnownFileType = sourcecode.swift; path = "HomeViewController+Binder.swift"; sourceTree = "<group>"; };
		58A2BF9523B2B8D30078F3C8 /* humanify.swift */ = {isa = PBXFileReference; lastKnownFileType = sourcecode.swift; path = humanify.swift; sourceTree = "<group>"; };
		58A2BF9723B2B90E0078F3C8 /* Localizable.stringsdict */ = {isa = PBXFileReference; fileEncoding = 4; lastKnownFileType = text.plist.stringsdict; path = Localizable.stringsdict; sourceTree = "<group>"; };
		58AD073523B4A10A00625613 /* LoadingButton.swift */ = {isa = PBXFileReference; lastKnownFileType = sourcecode.swift; path = LoadingButton.swift; sourceTree = "<group>"; };
		58AD073823B4B6E600625613 /* InfoViewController.swift */ = {isa = PBXFileReference; lastKnownFileType = sourcecode.swift; path = InfoViewController.swift; sourceTree = "<group>"; };
		994E4B08CF3695DD09B04F62 /* Pods-breatheAir.release.xcconfig */ = {isa = PBXFileReference; includeInIndex = 1; lastKnownFileType = text.xcconfig; name = "Pods-breatheAir.release.xcconfig"; path = "Target Support Files/Pods-breatheAir/Pods-breatheAir.release.xcconfig"; sourceTree = "<group>"; };
		AFBCBE95D132D8FAAFB536C2 /* Pods_breatheAirTests.framework */ = {isa = PBXFileReference; explicitFileType = wrapper.framework; includeInIndex = 0; path = Pods_breatheAirTests.framework; sourceTree = BUILT_PRODUCTS_DIR; };
		F4DA9FBF5A1494DEE0B03A07 /* Pods_breatheAir.framework */ = {isa = PBXFileReference; explicitFileType = wrapper.framework; includeInIndex = 0; path = Pods_breatheAir.framework; sourceTree = BUILT_PRODUCTS_DIR; };
/* End PBXFileReference section */

/* Begin PBXFrameworksBuildPhase section */
		5884FA8323B1514D000CF422 /* Frameworks */ = {
			isa = PBXFrameworksBuildPhase;
			buildActionMask = 2147483647;
			files = (
				5812288D23B6A6C3003AA752 /* MapKit.framework in Frameworks */,
				EF1550CADAD5AD5FA585D563 /* Pods_breatheAir.framework in Frameworks */,
			);
			runOnlyForDeploymentPostprocessing = 0;
		};
		5884FA9923B15150000CF422 /* Frameworks */ = {
			isa = PBXFrameworksBuildPhase;
			buildActionMask = 2147483647;
			files = (
				30BED13C6662275E1E1157FA /* Pods_breatheAirTests.framework in Frameworks */,
			);
			runOnlyForDeploymentPostprocessing = 0;
		};
/* End PBXFrameworksBuildPhase section */

/* Begin PBXGroup section */
		106F8F70894E6DC2FCB72B97 /* Pods */ = {
			isa = PBXGroup;
			children = (
				0037338F9F11E83058670496 /* Pods-breatheAir.debug.xcconfig */,
				994E4B08CF3695DD09B04F62 /* Pods-breatheAir.release.xcconfig */,
				1DB5938B6AAAA8A173A828AB /* Pods-breatheAirTests.debug.xcconfig */,
				37FA803671E977664935C460 /* Pods-breatheAirTests.release.xcconfig */,
			);
			path = Pods;
			sourceTree = "<group>";
		};
		5812288E23B6A915003AA752 /* MapViewPage */ = {
			isa = PBXGroup;
			children = (
				5812288F23B6A940003AA752 /* MapPageViewController.swift */,
				5812289123B6B14F003AA752 /* MapPageViewModel.swift */,
				5812289823B6B7B1003AA752 /* MapPageService.swift */,
				5812289C23B6CAF0003AA752 /* MapPageDrawer.swift */,
			);
			path = MapViewPage;
			sourceTree = "<group>";
		};
		5812289323B6B45A003AA752 /* Artwork */ = {
			isa = PBXGroup;
			children = (
				5812289423B6B468003AA752 /* ArtworkView.swift */,
				5812289623B6B4B3003AA752 /* Artwork.swift */,
			);
			path = Artwork;
			sourceTree = "<group>";
		};
		5812289E23B6CD61003AA752 /* PresentedNavigationController */ = {
			isa = PBXGroup;
			children = (
				5812289F23B6CD82003AA752 /* PresentedNavigationController.swift */,
			);
			path = PresentedNavigationController;
			sourceTree = "<group>";
		};
		583437C623B155EB00B48EF2 /* Data */ = {
			isa = PBXGroup;
			children = (
				583437C823B1562400B48EF2 /* Request */,
				583437C723B1561B00B48EF2 /* Response */,
				58A2BF9123B2A1C40078F3C8 /* StateType.swift */,
			);
			path = Data;
			sourceTree = "<group>";
		};
		583437C723B1561B00B48EF2 /* Response */ = {
			isa = PBXGroup;
			children = (
				583437CD23B156F900B48EF2 /* BaseResponse.swift */,
				583437CF23B1579C00B48EF2 /* LocationBasedResponse.swift */,
				5812289A23B6B8CD003AA752 /* MapPageResponse.swift */,
			);
			path = Response;
			sourceTree = "<group>";
		};
		583437C823B1562400B48EF2 /* Request */ = {
			isa = PBXGroup;
			children = (
				583437C923B1564300B48EF2 /* Location.swift */,
				583437CB23B1567900B48EF2 /* BaseRequest.swift */,
			);
			path = Request;
			sourceTree = "<group>";
		};
		583437D123B158F600B48EF2 /* Application */ = {
			isa = PBXGroup;
			children = (
				5812288E23B6A915003AA752 /* MapViewPage */,
				58AD073723B4B6D000625613 /* InfoPage */,
				583437D323B15E9D00B48EF2 /* HomePage */,
			);
			path = Application;
			sourceTree = "<group>";
		};
		583437D223B1590100B48EF2 /* General */ = {
			isa = PBXGroup;
			children = (
				583437D923B15F3C00B48EF2 /* network */,
				583437D623B15EBF00B48EF2 /* Interfaces */,
				583437FA23B166E100B48EF2 /* LocationManager.swift */,
				58A2BF8F23B291AE0078F3C8 /* AppColor.swift */,
			);
			path = General;
			sourceTree = "<group>";
		};
		583437D323B15E9D00B48EF2 /* HomePage */ = {
			isa = PBXGroup;
			children = (
				5884FA8D23B1514D000CF422 /* HomeViewController.swift */,
				583437D423B15EB600B48EF2 /* HomeViewModel.swift */,
				583437F823B162CE00B48EF2 /* HomeService.swift */,
				58A2BF9323B2AE080078F3C8 /* HomeViewController+Binder.swift */,
				581228A123B6CE04003AA752 /* HomeViewDrawer.swift */,
				581228A323B6CF0E003AA752 /* HomeView.swift */,
			);
			path = HomePage;
			sourceTree = "<group>";
		};
		583437D623B15EBF00B48EF2 /* Interfaces */ = {
			isa = PBXGroup;
			children = (
				583437D723B15ECC00B48EF2 /* ViewModel.swift */,
			);
			path = Interfaces;
			sourceTree = "<group>";
		};
		583437D923B15F3C00B48EF2 /* network */ = {
			isa = PBXGroup;
			children = (
				583437DA23B15F4D00B48EF2 /* AnyService.swift */,
				583437DC23B15F5500B48EF2 /* Service.swift */,
				583437E123B1607F00B48EF2 /* RequestBuilder.swift */,
				583437E523B160CB00B48EF2 /* RequestTimeoutInterval.swift */,
				583437E723B160EE00B48EF2 /* encodable+tojson.swift */,
				583437E923B1612B00B48EF2 /* DataRequest+Decodable.swift */,
			);
			path = network;
			sourceTree = "<group>";
		};
		583437DE23B1601200B48EF2 /* common */ = {
			isa = PBXGroup;
			children = (
				583437DF23B1601F00B48EF2 /* AppSetting.swift */,
				583437E323B160A100B48EF2 /* Logger.swift */,
				583437EB23B1616200B48EF2 /* UIColor+hex.swift */,
				583437F023B161E200B48EF2 /* Storyboard.swift */,
				583437F223B1624800B48EF2 /* Localizable.swift */,
				583437F423B1627D00B48EF2 /* Device.swift */,
				583437F623B1629800B48EF2 /* deviceHasNotch.swift */,
				58A2BF9523B2B8D30078F3C8 /* humanify.swift */,
				58A2BF9723B2B90E0078F3C8 /* Localizable.stringsdict */,
			);
			path = common;
			sourceTree = "<group>";
		};
		583437ED23B1619200B48EF2 /* Views */ = {
			isa = PBXGroup;
			children = (
				5812289E23B6CD61003AA752 /* PresentedNavigationController */,
				5812289323B6B45A003AA752 /* Artwork */,
				583437FD23B170DE00B48EF2 /* OfferToDoCell */,
				583437EE23B1619E00B48EF2 /* GradientView.swift */,
				5834380223B180D000B48EF2 /* Toast.swift */,
				58AD073523B4A10A00625613 /* LoadingButton.swift */,
			);
			path = Views;
			sourceTree = "<group>";
		};
		583437FD23B170DE00B48EF2 /* OfferToDoCell */ = {
			isa = PBXGroup;
			children = (
				583437FE23B1710600B48EF2 /* OfferToDoTableViewCell.swift */,
				583437FF23B1710600B48EF2 /* OfferToDoTableViewCell.xib */,
			);
			path = OfferToDoCell;
			sourceTree = "<group>";
		};
		5884FA7D23B1514D000CF422 = {
			isa = PBXGroup;
			children = (
				5884FA8823B1514D000CF422 /* breatheAir */,
				5884FA9F23B15150000CF422 /* breatheAirTests */,
				5884FA8723B1514D000CF422 /* Products */,
				106F8F70894E6DC2FCB72B97 /* Pods */,
				FE3C4881AD7F5264832FABFE /* Frameworks */,
			);
			sourceTree = "<group>";
		};
		5884FA8723B1514D000CF422 /* Products */ = {
			isa = PBXGroup;
			children = (
				5884FA8623B1514D000CF422 /* breathe air.app */,
				5884FA9C23B15150000CF422 /* breatheAirTests.xctest */,
			);
			name = Products;
			sourceTree = "<group>";
		};
		5884FA8823B1514D000CF422 /* breatheAir */ = {
			isa = PBXGroup;
			children = (
				583437FC23B1671500B48EF2 /* breatheAir.entitlements */,
				583437ED23B1619200B48EF2 /* Views */,
				583437DE23B1601200B48EF2 /* common */,
				583437D223B1590100B48EF2 /* General */,
				583437D123B158F600B48EF2 /* Application */,
				583437C623B155EB00B48EF2 /* Data */,
				5884FA8923B1514D000CF422 /* AppDelegate.swift */,
				5884FA8F23B1514D000CF422 /* Main.storyboard */,
				5884FA9223B15150000CF422 /* Assets.xcassets */,
				5884FA9423B15150000CF422 /* LaunchScreen.storyboard */,
				5884FA9723B15150000CF422 /* Info.plist */,
			);
			path = breatheAir;
			sourceTree = "<group>";
		};
		5884FA9F23B15150000CF422 /* breatheAirTests */ = {
			isa = PBXGroup;
			children = (
				5884FAA023B15150000CF422 /* breatheAirTests.swift */,
				5884FAA223B15150000CF422 /* Info.plist */,
			);
			path = breatheAirTests;
			sourceTree = "<group>";
		};
		58AD073723B4B6D000625613 /* InfoPage */ = {
			isa = PBXGroup;
			children = (
				58AD073823B4B6E600625613 /* InfoViewController.swift */,
			);
			path = InfoPage;
			sourceTree = "<group>";
		};
		FE3C4881AD7F5264832FABFE /* Frameworks */ = {
			isa = PBXGroup;
			children = (
				5812288C23B6A6C3003AA752 /* MapKit.framework */,
				F4DA9FBF5A1494DEE0B03A07 /* Pods_breatheAir.framework */,
				AFBCBE95D132D8FAAFB536C2 /* Pods_breatheAirTests.framework */,
			);
			name = Frameworks;
			sourceTree = "<group>";
		};
/* End PBXGroup section */

/* Begin PBXNativeTarget section */
		5884FA8523B1514D000CF422 /* breatheAir */ = {
			isa = PBXNativeTarget;
			buildConfigurationList = 5884FAA523B15150000CF422 /* Build configuration list for PBXNativeTarget "breatheAir" */;
			buildPhases = (
				F1E9B132FC3B59C0FA06A218 /* [CP] Check Pods Manifest.lock */,
				5884FA8223B1514D000CF422 /* Sources */,
				5884FA8323B1514D000CF422 /* Frameworks */,
				5884FA8423B1514D000CF422 /* Resources */,
				2CD4C251147872847F6203CA /* [CP] Embed Pods Frameworks */,
			);
			buildRules = (
			);
			dependencies = (
			);
			name = breatheAir;
			productName = breatheAir;
			productReference = 5884FA8623B1514D000CF422 /* breathe air.app */;
			productType = "com.apple.product-type.application";
		};
		5884FA9B23B15150000CF422 /* breatheAirTests */ = {
			isa = PBXNativeTarget;
			buildConfigurationList = 5884FAA823B15150000CF422 /* Build configuration list for PBXNativeTarget "breatheAirTests" */;
			buildPhases = (
				5C8CFF48C637A83686118240 /* [CP] Check Pods Manifest.lock */,
				5884FA9823B15150000CF422 /* Sources */,
				5884FA9923B15150000CF422 /* Frameworks */,
				5884FA9A23B15150000CF422 /* Resources */,
			);
			buildRules = (
			);
			dependencies = (
				5884FA9E23B15150000CF422 /* PBXTargetDependency */,
			);
			name = breatheAirTests;
			productName = breatheAirTests;
			productReference = 5884FA9C23B15150000CF422 /* breatheAirTests.xctest */;
			productType = "com.apple.product-type.bundle.unit-test";
		};
/* End PBXNativeTarget section */

/* Begin PBXProject section */
		5884FA7E23B1514D000CF422 /* Project object */ = {
			isa = PBXProject;
			attributes = {
				LastSwiftUpdateCheck = 1120;
				LastUpgradeCheck = 1120;
				ORGANIZATIONNAME = "Amir Hesam Rayatnia";
				TargetAttributes = {
					5884FA8523B1514D000CF422 = {
						CreatedOnToolsVersion = 11.2.1;
					};
					5884FA9B23B15150000CF422 = {
						CreatedOnToolsVersion = 11.2.1;
						TestTargetID = 5884FA8523B1514D000CF422;
					};
				};
			};
			buildConfigurationList = 5884FA8123B1514D000CF422 /* Build configuration list for PBXProject "breatheAir" */;
			compatibilityVersion = "Xcode 9.3";
			developmentRegion = en;
			hasScannedForEncodings = 0;
			knownRegions = (
				en,
				Base,
			);
			mainGroup = 5884FA7D23B1514D000CF422;
			productRefGroup = 5884FA8723B1514D000CF422 /* Products */;
			projectDirPath = "";
			projectRoot = "";
			targets = (
				5884FA8523B1514D000CF422 /* breatheAir */,
				5884FA9B23B15150000CF422 /* breatheAirTests */,
			);
		};
/* End PBXProject section */

/* Begin PBXResourcesBuildPhase section */
		5884FA8423B1514D000CF422 /* Resources */ = {
			isa = PBXResourcesBuildPhase;
			buildActionMask = 2147483647;
			files = (
				5884FA9623B15150000CF422 /* LaunchScreen.storyboard in Resources */,
				5884FA9323B15150000CF422 /* Assets.xcassets in Resources */,
				5834380123B1710600B48EF2 /* OfferToDoTableViewCell.xib in Resources */,
				58A2BF9823B2B90F0078F3C8 /* Localizable.stringsdict in Resources */,
				5884FA9123B1514D000CF422 /* Main.storyboard in Resources */,
			);
			runOnlyForDeploymentPostprocessing = 0;
		};
		5884FA9A23B15150000CF422 /* Resources */ = {
			isa = PBXResourcesBuildPhase;
			buildActionMask = 2147483647;
			files = (
			);
			runOnlyForDeploymentPostprocessing = 0;
		};
/* End PBXResourcesBuildPhase section */

/* Begin PBXShellScriptBuildPhase section */
		2CD4C251147872847F6203CA /* [CP] Embed Pods Frameworks */ = {
			isa = PBXShellScriptBuildPhase;
			buildActionMask = 2147483647;
			files = (
			);
			inputFileListPaths = (
				"${PODS_ROOT}/Target Support Files/Pods-breatheAir/Pods-breatheAir-frameworks-${CONFIGURATION}-input-files.xcfilelist",
			);
			name = "[CP] Embed Pods Frameworks";
			outputFileListPaths = (
				"${PODS_ROOT}/Target Support Files/Pods-breatheAir/Pods-breatheAir-frameworks-${CONFIGURATION}-output-files.xcfilelist",
			);
			runOnlyForDeploymentPostprocessing = 0;
			shellPath = /bin/sh;
			shellScript = "\"${PODS_ROOT}/Target Support Files/Pods-breatheAir/Pods-breatheAir-frameworks.sh\"\n";
			showEnvVarsInLog = 0;
		};
		5C8CFF48C637A83686118240 /* [CP] Check Pods Manifest.lock */ = {
			isa = PBXShellScriptBuildPhase;
			buildActionMask = 2147483647;
			files = (
			);
			inputFileListPaths = (
			);
			inputPaths = (
				"${PODS_PODFILE_DIR_PATH}/Podfile.lock",
				"${PODS_ROOT}/Manifest.lock",
			);
			name = "[CP] Check Pods Manifest.lock";
			outputFileListPaths = (
			);
			outputPaths = (
				"$(DERIVED_FILE_DIR)/Pods-breatheAirTests-checkManifestLockResult.txt",
			);
			runOnlyForDeploymentPostprocessing = 0;
			shellPath = /bin/sh;
			shellScript = "diff \"${PODS_PODFILE_DIR_PATH}/Podfile.lock\" \"${PODS_ROOT}/Manifest.lock\" > /dev/null\nif [ $? != 0 ] ; then\n    # print error to STDERR\n    echo \"error: The sandbox is not in sync with the Podfile.lock. Run 'pod install' or update your CocoaPods installation.\" >&2\n    exit 1\nfi\n# This output is used by Xcode 'outputs' to avoid re-running this script phase.\necho \"SUCCESS\" > \"${SCRIPT_OUTPUT_FILE_0}\"\n";
			showEnvVarsInLog = 0;
		};
		F1E9B132FC3B59C0FA06A218 /* [CP] Check Pods Manifest.lock */ = {
			isa = PBXShellScriptBuildPhase;
			buildActionMask = 2147483647;
			files = (
			);
			inputFileListPaths = (
			);
			inputPaths = (
				"${PODS_PODFILE_DIR_PATH}/Podfile.lock",
				"${PODS_ROOT}/Manifest.lock",
			);
			name = "[CP] Check Pods Manifest.lock";
			outputFileListPaths = (
			);
			outputPaths = (
				"$(DERIVED_FILE_DIR)/Pods-breatheAir-checkManifestLockResult.txt",
			);
			runOnlyForDeploymentPostprocessing = 0;
			shellPath = /bin/sh;
			shellScript = "diff \"${PODS_PODFILE_DIR_PATH}/Podfile.lock\" \"${PODS_ROOT}/Manifest.lock\" > /dev/null\nif [ $? != 0 ] ; then\n    # print error to STDERR\n    echo \"error: The sandbox is not in sync with the Podfile.lock. Run 'pod install' or update your CocoaPods installation.\" >&2\n    exit 1\nfi\n# This output is used by Xcode 'outputs' to avoid re-running this script phase.\necho \"SUCCESS\" > \"${SCRIPT_OUTPUT_FILE_0}\"\n";
			showEnvVarsInLog = 0;
		};
/* End PBXShellScriptBuildPhase section */

/* Begin PBXSourcesBuildPhase section */
		5884FA8223B1514D000CF422 /* Sources */ = {
			isa = PBXSourcesBuildPhase;
			buildActionMask = 2147483647;
			files = (
				5812289B23B6B8CD003AA752 /* MapPageResponse.swift in Sources */,
				581228A223B6CE04003AA752 /* HomeViewDrawer.swift in Sources */,
				583437E023B1601F00B48EF2 /* AppSetting.swift in Sources */,
				583437CE23B156F900B48EF2 /* BaseResponse.swift in Sources */,
				583437F323B1624800B48EF2 /* Localizable.swift in Sources */,
				583437E823B160EE00B48EF2 /* encodable+tojson.swift in Sources */,
				583437CC23B1567900B48EF2 /* BaseRequest.swift in Sources */,
				583437E223B1607F00B48EF2 /* RequestBuilder.swift in Sources */,
				5812289923B6B7B1003AA752 /* MapPageService.swift in Sources */,
				5812289D23B6CAF0003AA752 /* MapPageDrawer.swift in Sources */,
				583437E623B160CB00B48EF2 /* RequestTimeoutInterval.swift in Sources */,
				5834380023B1710600B48EF2 /* OfferToDoTableViewCell.swift in Sources */,
				58AD073623B4A10A00625613 /* LoadingButton.swift in Sources */,
				581228A023B6CD82003AA752 /* PresentedNavigationController.swift in Sources */,
				583437F723B1629800B48EF2 /* deviceHasNotch.swift in Sources */,
				581228A423B6CF0E003AA752 /* HomeView.swift in Sources */,
				583437D523B15EB600B48EF2 /* HomeViewModel.swift in Sources */,
				5812289023B6A940003AA752 /* MapPageViewController.swift in Sources */,
				58A2BF9223B2A1C40078F3C8 /* StateType.swift in Sources */,
				583437EA23B1612B00B48EF2 /* DataRequest+Decodable.swift in Sources */,
				583437EF23B1619E00B48EF2 /* GradientView.swift in Sources */,
				583437DB23B15F4D00B48EF2 /* AnyService.swift in Sources */,
				5812289523B6B468003AA752 /* ArtworkView.swift in Sources */,
				58A2BF9423B2AE080078F3C8 /* HomeViewController+Binder.swift in Sources */,
				5834380323B180D000B48EF2 /* Toast.swift in Sources */,
				583437F123B161E200B48EF2 /* Storyboard.swift in Sources */,
				583437F523B1627D00B48EF2 /* Device.swift in Sources */,
				58A2BF9023B291AE0078F3C8 /* AppColor.swift in Sources */,
				5884FA8E23B1514D000CF422 /* HomeViewController.swift in Sources */,
				583437CA23B1564300B48EF2 /* Location.swift in Sources */,
				5884FA8A23B1514D000CF422 /* AppDelegate.swift in Sources */,
				583437E423B160A100B48EF2 /* Logger.swift in Sources */,
				583437F923B162CE00B48EF2 /* HomeService.swift in Sources */,
				583437DD23B15F5500B48EF2 /* Service.swift in Sources */,
				583437FB23B166E100B48EF2 /* LocationManager.swift in Sources */,
				583437D823B15ECC00B48EF2 /* ViewModel.swift in Sources */,
				583437EC23B1616200B48EF2 /* UIColor+hex.swift in Sources */,
				58A2BF9623B2B8D30078F3C8 /* humanify.swift in Sources */,
				58AD073923B4B6E600625613 /* InfoViewController.swift in Sources */,
				5812289223B6B14F003AA752 /* MapPageViewModel.swift in Sources */,
				5812289723B6B4B3003AA752 /* Artwork.swift in Sources */,
				583437D023B1579C00B48EF2 /* LocationBasedResponse.swift in Sources */,
			);
			runOnlyForDeploymentPostprocessing = 0;
		};
		5884FA9823B15150000CF422 /* Sources */ = {
			isa = PBXSourcesBuildPhase;
			buildActionMask = 2147483647;
			files = (
				5884FAA123B15150000CF422 /* breatheAirTests.swift in Sources */,
			);
			runOnlyForDeploymentPostprocessing = 0;
		};
/* End PBXSourcesBuildPhase section */

/* Begin PBXTargetDependency section */
		5884FA9E23B15150000CF422 /* PBXTargetDependency */ = {
			isa = PBXTargetDependency;
			target = 5884FA8523B1514D000CF422 /* breatheAir */;
			targetProxy = 5884FA9D23B15150000CF422 /* PBXContainerItemProxy */;
		};
/* End PBXTargetDependency section */

/* Begin PBXVariantGroup section */
		5884FA8F23B1514D000CF422 /* Main.storyboard */ = {
			isa = PBXVariantGroup;
			children = (
				5884FA9023B1514D000CF422 /* Base */,
			);
			name = Main.storyboard;
			sourceTree = "<group>";
		};
		5884FA9423B15150000CF422 /* LaunchScreen.storyboard */ = {
			isa = PBXVariantGroup;
			children = (
				5884FA9523B15150000CF422 /* Base */,
			);
			name = LaunchScreen.storyboard;
			sourceTree = "<group>";
		};
/* End PBXVariantGroup section */

/* Begin XCBuildConfiguration section */
		5884FAA323B15150000CF422 /* Debug */ = {
			isa = XCBuildConfiguration;
			buildSettings = {
				ALWAYS_SEARCH_USER_PATHS = NO;
				CLANG_ANALYZER_NONNULL = YES;
				CLANG_ANALYZER_NUMBER_OBJECT_CONVERSION = YES_AGGRESSIVE;
				CLANG_CXX_LANGUAGE_STANDARD = "gnu++14";
				CLANG_CXX_LIBRARY = "libc++";
				CLANG_ENABLE_MODULES = YES;
				CLANG_ENABLE_OBJC_ARC = YES;
				CLANG_ENABLE_OBJC_WEAK = YES;
				CLANG_WARN_BLOCK_CAPTURE_AUTORELEASING = YES;
				CLANG_WARN_BOOL_CONVERSION = YES;
				CLANG_WARN_COMMA = YES;
				CLANG_WARN_CONSTANT_CONVERSION = YES;
				CLANG_WARN_DEPRECATED_OBJC_IMPLEMENTATIONS = YES;
				CLANG_WARN_DIRECT_OBJC_ISA_USAGE = YES_ERROR;
				CLANG_WARN_DOCUMENTATION_COMMENTS = YES;
				CLANG_WARN_EMPTY_BODY = YES;
				CLANG_WARN_ENUM_CONVERSION = YES;
				CLANG_WARN_INFINITE_RECURSION = YES;
				CLANG_WARN_INT_CONVERSION = YES;
				CLANG_WARN_NON_LITERAL_NULL_CONVERSION = YES;
				CLANG_WARN_OBJC_IMPLICIT_RETAIN_SELF = YES;
				CLANG_WARN_OBJC_LITERAL_CONVERSION = YES;
				CLANG_WARN_OBJC_ROOT_CLASS = YES_ERROR;
				CLANG_WARN_RANGE_LOOP_ANALYSIS = YES;
				CLANG_WARN_STRICT_PROTOTYPES = YES;
				CLANG_WARN_SUSPICIOUS_MOVE = YES;
				CLANG_WARN_UNGUARDED_AVAILABILITY = YES_AGGRESSIVE;
				CLANG_WARN_UNREACHABLE_CODE = YES;
				CLANG_WARN__DUPLICATE_METHOD_MATCH = YES;
				COPY_PHASE_STRIP = NO;
				DEBUG_INFORMATION_FORMAT = dwarf;
				ENABLE_STRICT_OBJC_MSGSEND = YES;
				ENABLE_TESTABILITY = YES;
				GCC_C_LANGUAGE_STANDARD = gnu11;
				GCC_DYNAMIC_NO_PIC = NO;
				GCC_NO_COMMON_BLOCKS = YES;
				GCC_OPTIMIZATION_LEVEL = 0;
				GCC_PREPROCESSOR_DEFINITIONS = (
					"DEBUG=1",
					"$(inherited)",
				);
				GCC_WARN_64_TO_32_BIT_CONVERSION = YES;
				GCC_WARN_ABOUT_RETURN_TYPE = YES_ERROR;
				GCC_WARN_UNDECLARED_SELECTOR = YES;
				GCC_WARN_UNINITIALIZED_AUTOS = YES_AGGRESSIVE;
				GCC_WARN_UNUSED_FUNCTION = YES;
				GCC_WARN_UNUSED_VARIABLE = YES;
				IPHONEOS_DEPLOYMENT_TARGET = 13.2;
				MTL_ENABLE_DEBUG_INFO = INCLUDE_SOURCE;
				MTL_FAST_MATH = YES;
				ONLY_ACTIVE_ARCH = YES;
				SDKROOT = iphoneos;
				SWIFT_ACTIVE_COMPILATION_CONDITIONS = DEBUG;
				SWIFT_OPTIMIZATION_LEVEL = "-Onone";
			};
			name = Debug;
		};
		5884FAA423B15150000CF422 /* Release */ = {
			isa = XCBuildConfiguration;
			buildSettings = {
				ALWAYS_SEARCH_USER_PATHS = NO;
				CLANG_ANALYZER_NONNULL = YES;
				CLANG_ANALYZER_NUMBER_OBJECT_CONVERSION = YES_AGGRESSIVE;
				CLANG_CXX_LANGUAGE_STANDARD = "gnu++14";
				CLANG_CXX_LIBRARY = "libc++";
				CLANG_ENABLE_MODULES = YES;
				CLANG_ENABLE_OBJC_ARC = YES;
				CLANG_ENABLE_OBJC_WEAK = YES;
				CLANG_WARN_BLOCK_CAPTURE_AUTORELEASING = YES;
				CLANG_WARN_BOOL_CONVERSION = YES;
				CLANG_WARN_COMMA = YES;
				CLANG_WARN_CONSTANT_CONVERSION = YES;
				CLANG_WARN_DEPRECATED_OBJC_IMPLEMENTATIONS = YES;
				CLANG_WARN_DIRECT_OBJC_ISA_USAGE = YES_ERROR;
				CLANG_WARN_DOCUMENTATION_COMMENTS = YES;
				CLANG_WARN_EMPTY_BODY = YES;
				CLANG_WARN_ENUM_CONVERSION = YES;
				CLANG_WARN_INFINITE_RECURSION = YES;
				CLANG_WARN_INT_CONVERSION = YES;
				CLANG_WARN_NON_LITERAL_NULL_CONVERSION = YES;
				CLANG_WARN_OBJC_IMPLICIT_RETAIN_SELF = YES;
				CLANG_WARN_OBJC_LITERAL_CONVERSION = YES;
				CLANG_WARN_OBJC_ROOT_CLASS = YES_ERROR;
				CLANG_WARN_RANGE_LOOP_ANALYSIS = YES;
				CLANG_WARN_STRICT_PROTOTYPES = YES;
				CLANG_WARN_SUSPICIOUS_MOVE = YES;
				CLANG_WARN_UNGUARDED_AVAILABILITY = YES_AGGRESSIVE;
				CLANG_WARN_UNREACHABLE_CODE = YES;
				CLANG_WARN__DUPLICATE_METHOD_MATCH = YES;
				COPY_PHASE_STRIP = NO;
				DEBUG_INFORMATION_FORMAT = "dwarf-with-dsym";
				ENABLE_NS_ASSERTIONS = NO;
				ENABLE_STRICT_OBJC_MSGSEND = YES;
				GCC_C_LANGUAGE_STANDARD = gnu11;
				GCC_NO_COMMON_BLOCKS = YES;
				GCC_WARN_64_TO_32_BIT_CONVERSION = YES;
				GCC_WARN_ABOUT_RETURN_TYPE = YES_ERROR;
				GCC_WARN_UNDECLARED_SELECTOR = YES;
				GCC_WARN_UNINITIALIZED_AUTOS = YES_AGGRESSIVE;
				GCC_WARN_UNUSED_FUNCTION = YES;
				GCC_WARN_UNUSED_VARIABLE = YES;
				IPHONEOS_DEPLOYMENT_TARGET = 13.2;
				MTL_ENABLE_DEBUG_INFO = NO;
				MTL_FAST_MATH = YES;
				SDKROOT = iphoneos;
				SWIFT_COMPILATION_MODE = wholemodule;
				SWIFT_OPTIMIZATION_LEVEL = "-O";
				VALIDATE_PRODUCT = YES;
			};
			name = Release;
		};
		5884FAA623B15150000CF422 /* Debug */ = {
			isa = XCBuildConfiguration;
			baseConfigurationReference = 0037338F9F11E83058670496 /* Pods-breatheAir.debug.xcconfig */;
			buildSettings = {
				ASSETCATALOG_COMPILER_APPICON_NAME = AppIcon;
				CODE_SIGN_ENTITLEMENTS = breatheAir/breatheAir.entitlements;
				CODE_SIGN_STYLE = Automatic;
				CURRENT_PROJECT_VERSION = 3;
				DEVELOPMENT_TEAM = 49RBVVJDVP;
				INFOPLIST_FILE = breatheAir/Info.plist;
				IPHONEOS_DEPLOYMENT_TARGET = 11.0;
				LD_RUNPATH_SEARCH_PATHS = (
					"$(inherited)",
					"@executable_path/Frameworks",
				);
				PRODUCT_BUNDLE_IDENTIFIER = com.yellowdev.breatheAir;
				PRODUCT_NAME = "breathe air";
				SWIFT_VERSION = 5.0;
				TARGETED_DEVICE_FAMILY = 1;
			};
			name = Debug;
		};
		5884FAA723B15150000CF422 /* Release */ = {
			isa = XCBuildConfiguration;
			baseConfigurationReference = 994E4B08CF3695DD09B04F62 /* Pods-breatheAir.release.xcconfig */;
			buildSettings = {
				ASSETCATALOG_COMPILER_APPICON_NAME = AppIcon;
				CODE_SIGN_ENTITLEMENTS = breatheAir/breatheAir.entitlements;
				CODE_SIGN_STYLE = Automatic;
				CURRENT_PROJECT_VERSION = 3;
				DEVELOPMENT_TEAM = 49RBVVJDVP;
				INFOPLIST_FILE = breatheAir/Info.plist;
				IPHONEOS_DEPLOYMENT_TARGET = 11.0;
				LD_RUNPATH_SEARCH_PATHS = (
					"$(inherited)",
					"@executable_path/Frameworks",
				);
				PRODUCT_BUNDLE_IDENTIFIER = com.yellowdev.breatheAir;
				PRODUCT_NAME = "breathe air";
				SWIFT_VERSION = 5.0;
				TARGETED_DEVICE_FAMILY = 1;
			};
			name = Release;
		};
		5884FAA923B15150000CF422 /* Debug */ = {
			isa = XCBuildConfiguration;
			baseConfigurationReference = 1DB5938B6AAAA8A173A828AB /* Pods-breatheAirTests.debug.xcconfig */;
			buildSettings = {
				ALWAYS_EMBED_SWIFT_STANDARD_LIBRARIES = YES;
				BUNDLE_LOADER = "$(TEST_HOST)";
				CODE_SIGN_STYLE = Automatic;
				DEVELOPMENT_TEAM = 49RBVVJDVP;
				INFOPLIST_FILE = breatheAirTests/Info.plist;
				IPHONEOS_DEPLOYMENT_TARGET = 13.2;
				LD_RUNPATH_SEARCH_PATHS = (
					"$(inherited)",
					"@executable_path/Frameworks",
					"@loader_path/Frameworks",
				);
				PRODUCT_BUNDLE_IDENTIFIER = com.yellowdev.breatheAirTests;
				PRODUCT_NAME = "$(TARGET_NAME)";
				SWIFT_VERSION = 5.0;
				TARGETED_DEVICE_FAMILY = "1,2";
				TEST_HOST = "$(BUILT_PRODUCTS_DIR)/breatheAir.app/breatheAir";
			};
			name = Debug;
		};
		5884FAAA23B15150000CF422 /* Release */ = {
			isa = XCBuildConfiguration;
			baseConfigurationReference = 37FA803671E977664935C460 /* Pods-breatheAirTests.release.xcconfig */;
			buildSettings = {
				ALWAYS_EMBED_SWIFT_STANDARD_LIBRARIES = YES;
				BUNDLE_LOADER = "$(TEST_HOST)";
				CODE_SIGN_STYLE = Automatic;
				DEVELOPMENT_TEAM = 49RBVVJDVP;
				INFOPLIST_FILE = breatheAirTests/Info.plist;
				IPHONEOS_DEPLOYMENT_TARGET = 13.2;
				LD_RUNPATH_SEARCH_PATHS = (
					"$(inherited)",
					"@executable_path/Frameworks",
					"@loader_path/Frameworks",
				);
				PRODUCT_BUNDLE_IDENTIFIER = com.yellowdev.breatheAirTests;
				PRODUCT_NAME = "$(TARGET_NAME)";
				SWIFT_VERSION = 5.0;
				TARGETED_DEVICE_FAMILY = "1,2";
				TEST_HOST = "$(BUILT_PRODUCTS_DIR)/breatheAir.app/breatheAir";
			};
			name = Release;
		};
/* End XCBuildConfiguration section */

/* Begin XCConfigurationList section */
		5884FA8123B1514D000CF422 /* Build configuration list for PBXProject "breatheAir" */ = {
			isa = XCConfigurationList;
			buildConfigurations = (
				5884FAA323B15150000CF422 /* Debug */,
				5884FAA423B15150000CF422 /* Release */,
			);
			defaultConfigurationIsVisible = 0;
			defaultConfigurationName = Release;
		};
		5884FAA523B15150000CF422 /* Build configuration list for PBXNativeTarget "breatheAir" */ = {
			isa = XCConfigurationList;
			buildConfigurations = (
				5884FAA623B15150000CF422 /* Debug */,
				5884FAA723B15150000CF422 /* Release */,
			);
			defaultConfigurationIsVisible = 0;
			defaultConfigurationName = Release;
		};
		5884FAA823B15150000CF422 /* Build configuration list for PBXNativeTarget "breatheAirTests" */ = {
			isa = XCConfigurationList;
			buildConfigurations = (
				5884FAA923B15150000CF422 /* Debug */,
				5884FAAA23B15150000CF422 /* Release */,
			);
			defaultConfigurationIsVisible = 0;
			defaultConfigurationName = Release;
		};
/* End XCConfigurationList section */
	};
	rootObject = 5884FA7E23B1514D000CF422 /* Project object */;
}
